{
  "name": "simple-discord-webhooks",
  "version": "1.1.0",
  "lockfileVersion": 2,
  "requires": true,
  "packages": {
    "": {
      "name": "simple-discord-webhooks",
      "version": "1.1.0",
      "license": "MIT",
      "dependencies": {
        "@aero/centra": "^1.0.6"
      },
      "devDependencies": {
        "process": "^0.11.10"
      }
    },
    "node_modules/@aero/centra": {
      "version": "1.0.6",
      "resolved": "https://registry.npmjs.org/@aero/centra/-/centra-1.0.6.tgz",
      "integrity": "sha512-e7sUh/VjugT8LsHb4/hcbmhaVVi9deWWPQnlMnU0RAnF8+iCdGdCcKvoHnDNl/ELykwjpbKpBYbWPx0yKZaDpw=="
    },
    "node_modules/process": {
      "version": "0.11.10",
      "resolved": "https://registry.npmjs.org/process/-/process-0.11.10.tgz",
      "integrity": "sha1-czIwDoQBYb2j5podHZGn1LwW8YI=",
      "dev": true,
      "engines": {
        "node": ">= 0.6.0"
      }
    }
  },
  "dependencies": {
    "@aero/centra": {
      "version": "1.0.6",
      "resolved": "https://registry.npmjs.org/@aero/centra/-/centra-1.0.6.tgz",
      "integrity": "sha512-e7sUh/VjugT8LsHb4/hcbmhaVVi9deWWPQnlMnU0RAnF8+iCdGdCcKvoHnDNl/ELykwjpbKpBYbWPx0yKZaDpw=="
    },
    "process": {
      "version": "0.11.10",
      "resolved": "https://registry.npmjs.org/process/-/process-0.11.10.tgz",
      "integrity": "sha1-czIwDoQBYb2j5podHZGn1LwW8YI=",
      "dev": true
    }
  }
}
